
Microsoft Visual Studio Solution File, Format Version 12.00
# Visual Studio Version 16
VisualStudioVersion = 16.0.30128.74
MinimumVisualStudioVersion = 10.0.40219.1
Project("{9A19103F-16F7-4668-BE54-9A1E7A4F7556}") = "pulldog.aspnetcore", "pulldog.aspnetcore.csproj", "{A58B4FD2-6ABF-42F0-A59D-C2B9494A1A07}"
EndProject
Global
	GlobalSection(SolutionConfigurationPlatforms) = preSolution
		Debug|Any CPU = Debug|Any CPU
		Release|Any CPU = Release|Any CPU
	EndGlobalSection
	GlobalSection(ProjectConfigurationPlatforms) = postSolution
		{A58B4FD2-6ABF-42F0-A59D-C2B9494A1A07}.Debug|Any CPU.ActiveCfg = Debug|Any CPU
		{A58B4FD2-6ABF-42F0-A59D-C2B9494A1A07}.Debug|Any CPU.Build.0 = Debug|Any CPU
		{A58B4FD2-6ABF-42F0-A59D-C2B9494A1A07}.Release|Any CPU.ActiveCfg = Release|Any CPU
		{A58B4FD2-6ABF-42F0-A59D-C2B9494A1A07}.Release|Any CPU.Build.0 = Release|Any CPU
	EndGlobalSection
	GlobalSection(SolutionProperties) = preSolution
		HideSolutionNode = FALSE
	EndGlobalSection
	GlobalSection(ExtensibilityGlobals) = postSolution
		SolutionGuid = {82EFBA7F-CACD-40C7-AA0A-E7E4C706F9F3}
	EndGlobalSection
EndGlobal
